{
    "version": 3,
    "terraform_version": "0.9.8",
    "serial": 1,
    "lineage": "765d8fea-78de-450e-a6fb-660bab2d5c51",
    "modules": [
        {
            "path": [
                "root"
            ],
            "outputs": {},
            "resources": {
                "aws_instance.example": {
                    "type": "aws_instance",
                    "depends_on": [
                        "aws_key_pair.deployer"
                    ],
                    "primary": {
                        "id": "i-0c68f9c0c1b197181",
                        "attributes": {
                            "ami": "ami-0e258161",
                            "associate_public_ip_address": "true",
                            "availability_zone": "eu-central-1b",
                            "disable_api_termination": "false",
                            "ebs_block_device.#": "0",
                            "ebs_optimized": "false",
                            "ephemeral_block_device.#": "0",
                            "iam_instance_profile": "",
                            "id": "i-0c68f9c0c1b197181",
                            "instance_state": "running",
                            "instance_type": "t2.micro",
                            "ipv6_addresses.#": "0",
                            "key_name": "aws_key",
                            "monitoring": "false",
                            "network_interface.#": "0",
                            "network_interface_id": "eni-8b3473fa",
                            "primary_network_interface_id": "eni-8b3473fa",
                            "private_dns": "ip-172-31-44-124.eu-central-1.compute.internal",
                            "private_ip": "172.31.44.124",
                            "public_dns": "ec2-52-58-249-210.eu-central-1.compute.amazonaws.com",
                            "public_ip": "52.58.249.210",
                            "root_block_device.#": "1",
                            "root_block_device.0.delete_on_termination": "true",
                            "root_block_device.0.iops": "100",
                            "root_block_device.0.volume_size": "10",
                            "root_block_device.0.volume_type": "gp2",
                            "security_groups.#": "0",
                            "source_dest_check": "true",
                            "subnet_id": "subnet-5fd7af25",
                            "tags.%": "1",
                            "tags.Name": "puppet-master",
                            "tenancy": "default",
                            "volume_tags.%": "0",
                            "vpc_security_group_ids.#": "1",
                            "vpc_security_group_ids.1393492132": "sg-9ac481f1"
                        },
                        "meta": {
                            "e2bfb730-ecaa-11e6-8f88-34363bc7c4c0": {
                                "create": 600000000000,
                                "delete": 600000000000,
                                "update": 600000000000
                            },
                            "schema_version": "1"
                        },
                        "tainted": false
                    },
                    "deposed": [],
                    "provider": ""
                },
                "aws_key_pair.deployer": {
                    "type": "aws_key_pair",
                    "depends_on": [],
                    "primary": {
                        "id": "aws_key",
                        "attributes": {
                            "id": "aws_key",
                            "key_name": "aws_key",
                            "public_key": "ssh-rsa AAAAB3NzaC1yc2EAAAADAQABAAABAQDXcdu+Q7kxHiYXJbTwL7RARUhawYFf34FqhUBZtY1RvmGgKBylw9wawdiROoMIvar0QQEJtl7DhXmz74X4h0cm/Dq+ULwJ7EqW3wafn6rw4sa43HF0wd8RisafrowOD6Lt54fkF6pat+iiwM/WpO31jRyccTG9JIiwJREags3xzgpS6zMcvRJDHy1ubmKiF1RQuZaSXWZfPtL8PKKCx0ttNCEcNgi3EHdv+Ypqmiqjr37SayVimhcKTQT2chpseNLaWBGj78LxmICGszpBVP2TVzeMEAcrdTlqO5cw2qzqPUV9hnkCtxSPsQhySGD4kN/xqXDS8FrQ1U3jtmDSDtNJ asagan@CAs-MacBook-Air.local"
                        },
                        "meta": {
                            "schema_version": "1"
                        },
                        "tainted": false
                    },
                    "deposed": [],
                    "provider": ""
                }
            },
            "depends_on": []
        }
    ]
}
